
Microsoft Visual Studio Solution File, Format Version 12.00
# Visual Studio Version 17
VisualStudioVersion = 17.7.34031.279
MinimumVisualStudioVersion = 10.0.40219.1
Project("{FAE04EC0-301F-11D3-BF4B-00C04F79EFBC}") = "02_Assignment_Database", "02_Assignment_Database\02_Assignment_Database.csproj", "{AADF01F2-8E63-4BD2-9459-3B0ECC955C99}"
EndProject
Global
	GlobalSection(SolutionConfigurationPlatforms) = preSolution
		Debug|Any CPU = Debug|Any CPU
		Release|Any CPU = Release|Any CPU
	EndGlobalSection
	GlobalSection(ProjectConfigurationPlatforms) = postSolution
		{AADF01F2-8E63-4BD2-9459-3B0ECC955C99}.Debug|Any CPU.ActiveCfg = Debug|Any CPU
		{AADF01F2-8E63-4BD2-9459-3B0ECC955C99}.Debug|Any CPU.Build.0 = Debug|Any CPU
		{AADF01F2-8E63-4BD2-9459-3B0ECC955C99}.Release|Any CPU.ActiveCfg = Release|Any CPU
		{AADF01F2-8E63-4BD2-9459-3B0ECC955C99}.Release|Any CPU.Build.0 = Release|Any CPU
	EndGlobalSection
	GlobalSection(SolutionProperties) = preSolution
		HideSolutionNode = FALSE
	EndGlobalSection
	GlobalSection(ExtensibilityGlobals) = postSolution
		SolutionGuid = {916C7657-D1FD-4646-BFC2-7CDA068510ED}
	EndGlobalSection
EndGlobal
